
Microsoft Visual Studio Solution File, Format Version 12.00
# Visual Studio 15
VisualStudioVersion = 15.0.28307.329
MinimumVisualStudioVersion = 10.0.40219.1
Project("{FAE04EC0-301F-11D3-BF4B-00C04F79EFBC}") = "WebApplication8", "WebApplication8\WebApplication8.csproj", "{3EFBB605-348F-4344-BDEF-68A84B1207BD}"
EndProject
Global
	GlobalSection(SolutionConfigurationPlatforms) = preSolution
		Debug|Any CPU = Debug|Any CPU
		Release|Any CPU = Release|Any CPU
	EndGlobalSection
	GlobalSection(ProjectConfigurationPlatforms) = postSolution
		{3EFBB605-348F-4344-BDEF-68A84B1207BD}.Debug|Any CPU.ActiveCfg = Debug|Any CPU
		{3EFBB605-348F-4344-BDEF-68A84B1207BD}.Debug|Any CPU.Build.0 = Debug|Any CPU
		{3EFBB605-348F-4344-BDEF-68A84B1207BD}.Release|Any CPU.ActiveCfg = Release|Any CPU
		{3EFBB605-348F-4344-BDEF-68A84B1207BD}.Release|Any CPU.Build.0 = Release|Any CPU
	EndGlobalSection
	GlobalSection(SolutionProperties) = preSolution
		HideSolutionNode = FALSE
	EndGlobalSection
	GlobalSection(ExtensibilityGlobals) = postSolution
		SolutionGuid = {1C80DAAB-6585-4AE1-A07E-BEF3046E91B5}
	EndGlobalSection
EndGlobal
